# @generated by Move, please check-in and do not edit manually.

[move]
version = 3
manifest_digest = "326FE42A60694A6F190F60D8382849B3EF54882374F5ED0F10EE852E707DF1C7"
deps_digest = "F8BBB0CCB2491CA29A3DF03D6F92277A4F3574266507ACD77214D37ECA3F3082"
dependencies = [
  { id = "Sui", name = "Sui" },
]

[[move.package]]
id = "MoveStdlib"
source = { git = "https://github.com/MystenLabs/sui.git", rev = "framework/testnet", subdir = "crates\\sui-framework\\packages\\move-stdlib" }

[[move.package]]
id = "Sui"
source = { git = "https://github.com/MystenLabs/sui.git", rev = "framework/testnet", subdir = "crates/sui-framework/packages/sui-framework" }

dependencies = [
  { id = "MoveStdlib", name = "MoveStdlib" },
]

[move.toolchain-version]
compiler-version = "1.55.0"
edition = "2024"
flavor = "sui"

[env]

[env.testnet]
chain-id = "4c78adac"
original-published-id = "0x6b1acc94e9a54723a85033cde729ddcdea0e78672e5596a1bcb4b85427ff1adb"
latest-published-id = "0x6b1acc94e9a54723a85033cde729ddcdea0e78672e5596a1bcb4b85427ff1adb"
published-version = "1"
